
Microsoft Visual Studio Solution File, Format Version 12.00
# Visual Studio Version 16
VisualStudioVersion = 16.0.30225.117
MinimumVisualStudioVersion = 10.0.40219.1
Project("{9A19103F-16F7-4668-BE54-9A1E7A4F7556}") = "GrpcServer", "Part2\GrpcServer.csproj", "{1EA4F4B9-12F1-41D1-8139-34E36EAB7CF9}"
EndProject
Project("{9A19103F-16F7-4668-BE54-9A1E7A4F7556}") = "Sender", "Sender\Sender.csproj", "{2CD8CE27-11D0-49AD-888F-D873D3E8D00F}"
EndProject
Project("{9A19103F-16F7-4668-BE54-9A1E7A4F7556}") = "Receiver", "Receiver\Receiver.csproj", "{9E62AEF7-82F1-4BD8-A76B-4A08DEAA28FA}"
EndProject
Global
	GlobalSection(SolutionConfigurationPlatforms) = preSolution
		Debug|Any CPU = Debug|Any CPU
		Release|Any CPU = Release|Any CPU
	EndGlobalSection
	GlobalSection(ProjectConfigurationPlatforms) = postSolution
		{1EA4F4B9-12F1-41D1-8139-34E36EAB7CF9}.Debug|Any CPU.ActiveCfg = Debug|Any CPU
		{1EA4F4B9-12F1-41D1-8139-34E36EAB7CF9}.Debug|Any CPU.Build.0 = Debug|Any CPU
		{1EA4F4B9-12F1-41D1-8139-34E36EAB7CF9}.Release|Any CPU.ActiveCfg = Release|Any CPU
		{1EA4F4B9-12F1-41D1-8139-34E36EAB7CF9}.Release|Any CPU.Build.0 = Release|Any CPU
		{2CD8CE27-11D0-49AD-888F-D873D3E8D00F}.Debug|Any CPU.ActiveCfg = Debug|Any CPU
		{2CD8CE27-11D0-49AD-888F-D873D3E8D00F}.Debug|Any CPU.Build.0 = Debug|Any CPU
		{2CD8CE27-11D0-49AD-888F-D873D3E8D00F}.Release|Any CPU.ActiveCfg = Release|Any CPU
		{2CD8CE27-11D0-49AD-888F-D873D3E8D00F}.Release|Any CPU.Build.0 = Release|Any CPU
		{9E62AEF7-82F1-4BD8-A76B-4A08DEAA28FA}.Debug|Any CPU.ActiveCfg = Debug|Any CPU
		{9E62AEF7-82F1-4BD8-A76B-4A08DEAA28FA}.Debug|Any CPU.Build.0 = Debug|Any CPU
		{9E62AEF7-82F1-4BD8-A76B-4A08DEAA28FA}.Release|Any CPU.ActiveCfg = Release|Any CPU
		{9E62AEF7-82F1-4BD8-A76B-4A08DEAA28FA}.Release|Any CPU.Build.0 = Release|Any CPU
	EndGlobalSection
	GlobalSection(SolutionProperties) = preSolution
		HideSolutionNode = FALSE
	EndGlobalSection
	GlobalSection(ExtensibilityGlobals) = postSolution
		SolutionGuid = {EC322517-871F-4AD4-BA56-3AAC5C567152}
	EndGlobalSection
EndGlobal
